// !$*UTF8*$!
{
	archiveVersion = 1;
	classes = {
	};
	objectVersion = 55;
	objects = {

/* Begin PBXBuildFile section */
		D38AE0E52BB464CD004AC86B /* Property_WrappersApp.swift in Sources */ = {isa = PBXBuildFile; fileRef = D38AE0E42BB464CD004AC86B /* Property_WrappersApp.swift */; };
		D38AE0E72BB464CD004AC86B /* ContentView.swift in Sources */ = {isa = PBXBuildFile; fileRef = D38AE0E62BB464CD004AC86B /* ContentView.swift */; };
		D38AE0E92BB464DE004AC86B /* Assets.xcassets in Resources */ = {isa = PBXBuildFile; fileRef = D38AE0E82BB464DE004AC86B /* Assets.xcassets */; };
		D38AE0EC2BB464DE004AC86B /* Preview Assets.xcassets in Resources */ = {isa = PBXBuildFile; fileRef = D38AE0EB2BB464DE004AC86B /* Preview Assets.xcassets */; };
		D38AE0F62BB464DF004AC86B /* Property_WrappersTests.swift in Sources */ = {isa = PBXBuildFile; fileRef = D38AE0F52BB464DF004AC86B /* Property_WrappersTests.swift */; };
		D38AE1002BB464DF004AC86B /* Property_WrappersUITests.swift in Sources */ = {isa = PBXBuildFile; fileRef = D38AE0FF2BB464DF004AC86B /* Property_WrappersUITests.swift */; };
		D38AE1022BB464DF004AC86B /* Property_WrappersUITestsLaunchTests.swift in Sources */ = {isa = PBXBuildFile; fileRef = D38AE1012BB464DF004AC86B /* Property_WrappersUITestsLaunchTests.swift */; };
/* End PBXBuildFile section */

/* Begin PBXContainerItemProxy section */
		D38AE0F22BB464DF004AC86B /* PBXContainerItemProxy */ = {
			isa = PBXContainerItemProxy;
			containerPortal = D38AE0D92BB464CC004AC86B /* Project object */;
			proxyType = 1;
			remoteGlobalIDString = D38AE0E02BB464CD004AC86B;
			remoteInfo = "Property Wrappers";
		};
		D38AE0FC2BB464DF004AC86B /* PBXContainerItemProxy */ = {
			isa = PBXContainerItemProxy;
			containerPortal = D38AE0D92BB464CC004AC86B /* Project object */;
			proxyType = 1;
			remoteGlobalIDString = D38AE0E02BB464CD004AC86B;
			remoteInfo = "Property Wrappers";
		};
/* End PBXContainerItemProxy section */

/* Begin PBXFileReference section */
		D38AE0E12BB464CD004AC86B /* Property Wrappers.app */ = {isa = PBXFileReference; explicitFileType = wrapper.application; includeInIndex = 0; path = "Property Wrappers.app"; sourceTree = BUILT_PRODUCTS_DIR; };
		D38AE0E42BB464CD004AC86B /* Property_WrappersApp.swift */ = {isa = PBXFileReference; lastKnownFileType = sourcecode.swift; path = Property_WrappersApp.swift; sourceTree = "<group>"; };
		D38AE0E62BB464CD004AC86B /* ContentView.swift */ = {isa = PBXFileReference; lastKnownFileType = sourcecode.swift; path = ContentView.swift; sourceTree = "<group>"; };
		D38AE0E82BB464DE004AC86B /* Assets.xcassets */ = {isa = PBXFileReference; lastKnownFileType = folder.assetcatalog; path = Assets.xcassets; sourceTree = "<group>"; };
		D38AE0EB2BB464DE004AC86B /* Preview Assets.xcassets */ = {isa = PBXFileReference; lastKnownFileType = folder.assetcatalog; path = "Preview Assets.xcassets"; sourceTree = "<group>"; };
		D38AE0F12BB464DF004AC86B /* Property WrappersTests.xctest */ = {isa = PBXFileReference; explicitFileType = wrapper.cfbundle; includeInIndex = 0; path = "Property WrappersTests.xctest"; sourceTree = BUILT_PRODUCTS_DIR; };
		D38AE0F52BB464DF004AC86B /* Property_WrappersTests.swift */ = {isa = PBXFileReference; lastKnownFileType = sourcecode.swift; path = Property_WrappersTests.swift; sourceTree = "<group>"; };
		D38AE0FB2BB464DF004AC86B /* Property WrappersUITests.xctest */ = {isa = PBXFileReference; explicitFileType = wrapper.cfbundle; includeInIndex = 0; path = "Property WrappersUITests.xctest"; sourceTree = BUILT_PRODUCTS_DIR; };
		D38AE0FF2BB464DF004AC86B /* Property_WrappersUITests.swift */ = {isa = PBXFileReference; lastKnownFileType = sourcecode.swift; path = Property_WrappersUITests.swift; sourceTree = "<group>"; };
		D38AE1012BB464DF004AC86B /* Property_WrappersUITestsLaunchTests.swift */ = {isa = PBXFileReference; lastKnownFileType = sourcecode.swift; path = Property_WrappersUITestsLaunchTests.swift; sourceTree = "<group>"; };
/* End PBXFileReference section */

/* Begin PBXFrameworksBuildPhase section */
		D38AE0DE2BB464CD004AC86B /* Frameworks */ = {
			isa = PBXFrameworksBuildPhase;
			buildActionMask = 2147483647;
			files = (
			);
			runOnlyForDeploymentPostprocessing = 0;
		};
		D38AE0EE2BB464DF004AC86B /* Frameworks */ = {
			isa = PBXFrameworksBuildPhase;
			buildActionMask = 2147483647;
			files = (
			);
			runOnlyForDeploymentPostprocessing = 0;
		};
		D38AE0F82BB464DF004AC86B /* Frameworks */ = {
			isa = PBXFrameworksBuildPhase;
			buildActionMask = 2147483647;
			files = (
			);
			runOnlyForDeploymentPostprocessing = 0;
		};
/* End PBXFrameworksBuildPhase section */

/* Begin PBXGroup section */
		D38AE0D82BB464CC004AC86B = {
			isa = PBXGroup;
			children = (
				D38AE0E32BB464CD004AC86B /* Property Wrappers */,
				D38AE0F42BB464DF004AC86B /* Property WrappersTests */,
				D38AE0FE2BB464DF004AC86B /* Property WrappersUITests */,
				D38AE0E22BB464CD004AC86B /* Products */,
			);
			sourceTree = "<group>";
		};
		D38AE0E22BB464CD004AC86B /* Products */ = {
			isa = PBXGroup;
			children = (
				D38AE0E12BB464CD004AC86B /* Property Wrappers.app */,
				D38AE0F12BB464DF004AC86B /* Property WrappersTests.xctest */,
				D38AE0FB2BB464DF004AC86B /* Property WrappersUITests.xctest */,
			);
			name = Products;
			sourceTree = "<group>";
		};
		D38AE0E32BB464CD004AC86B /* Property Wrappers */ = {
			isa = PBXGroup;
			children = (
				D38AE0E42BB464CD004AC86B /* Property_WrappersApp.swift */,
				D38AE0E62BB464CD004AC86B /* ContentView.swift */,
				D38AE0E82BB464DE004AC86B /* Assets.xcassets */,
				D38AE0EA2BB464DE004AC86B /* Preview Content */,
			);
			path = "Property Wrappers";
			sourceTree = "<group>";
		};
		D38AE0EA2BB464DE004AC86B /* Preview Content */ = {
			isa = PBXGroup;
			children = (
				D38AE0EB2BB464DE004AC86B /* Preview Assets.xcassets */,
			);
			path = "Preview Content";
			sourceTree = "<group>";
		};
		D38AE0F42BB464DF004AC86B /* Property WrappersTests */ = {
			isa = PBXGroup;
			children = (
				D38AE0F52BB464DF004AC86B /* Property_WrappersTests.swift */,
			);
			path = "Property WrappersTests";
			sourceTree = "<group>";
		};
		D38AE0FE2BB464DF004AC86B /* Property WrappersUITests */ = {
			isa = PBXGroup;
			children = (
				D38AE0FF2BB464DF004AC86B /* Property_WrappersUITests.swift */,
				D38AE1012BB464DF004AC86B /* Property_WrappersUITestsLaunchTests.swift */,
			);
			path = "Property WrappersUITests";
			sourceTree = "<group>";
		};
/* End PBXGroup section */

/* Begin PBXNativeTarget section */
		D38AE0E02BB464CD004AC86B /* Property Wrappers */ = {
			isa = PBXNativeTarget;
			buildConfigurationList = D38AE1052BB464DF004AC86B /* Build configuration list for PBXNativeTarget "Property Wrappers" */;
			buildPhases = (
				D38AE0DD2BB464CD004AC86B /* Sources */,
				D38AE0DE2BB464CD004AC86B /* Frameworks */,
				D38AE0DF2BB464CD004AC86B /* Resources */,
			);
			buildRules = (
			);
			dependencies = (
			);
			name = "Property Wrappers";
			productName = "Property Wrappers";
			productReference = D38AE0E12BB464CD004AC86B /* Property Wrappers.app */;
			productType = "com.apple.product-type.application";
		};
		D38AE0F02BB464DF004AC86B /* Property WrappersTests */ = {
			isa = PBXNativeTarget;
			buildConfigurationList = D38AE1082BB464DF004AC86B /* Build configuration list for PBXNativeTarget "Property WrappersTests" */;
			buildPhases = (
				D38AE0ED2BB464DF004AC86B /* Sources */,
				D38AE0EE2BB464DF004AC86B /* Frameworks */,
				D38AE0EF2BB464DF004AC86B /* Resources */,
			);
			buildRules = (
			);
			dependencies = (
				D38AE0F32BB464DF004AC86B /* PBXTargetDependency */,
			);
			name = "Property WrappersTests";
			productName = "Property WrappersTests";
			productReference = D38AE0F12BB464DF004AC86B /* Property WrappersTests.xctest */;
			productType = "com.apple.product-type.bundle.unit-test";
		};
		D38AE0FA2BB464DF004AC86B /* Property WrappersUITests */ = {
			isa = PBXNativeTarget;
			buildConfigurationList = D38AE10B2BB464DF004AC86B /* Build configuration list for PBXNativeTarget "Property WrappersUITests" */;
			buildPhases = (
				D38AE0F72BB464DF004AC86B /* Sources */,
				D38AE0F82BB464DF004AC86B /* Frameworks */,
				D38AE0F92BB464DF004AC86B /* Resources */,
			);
			buildRules = (
			);
			dependencies = (
				D38AE0FD2BB464DF004AC86B /* PBXTargetDependency */,
			);
			name = "Property WrappersUITests";
			productName = "Property WrappersUITests";
			productReference = D38AE0FB2BB464DF004AC86B /* Property WrappersUITests.xctest */;
			productType = "com.apple.product-type.bundle.ui-testing";
		};
/* End PBXNativeTarget section */

/* Begin PBXProject section */
		D38AE0D92BB464CC004AC86B /* Project object */ = {
			isa = PBXProject;
			attributes = {
				BuildIndependentTargetsInParallel = 1;
				LastSwiftUpdateCheck = 1340;
				LastUpgradeCheck = 1340;
				TargetAttributes = {
					D38AE0E02BB464CD004AC86B = {
						CreatedOnToolsVersion = 13.4;
					};
					D38AE0F02BB464DF004AC86B = {
						CreatedOnToolsVersion = 13.4;
						TestTargetID = D38AE0E02BB464CD004AC86B;
					};
					D38AE0FA2BB464DF004AC86B = {
						CreatedOnToolsVersion = 13.4;
						TestTargetID = D38AE0E02BB464CD004AC86B;
					};
				};
			};
			buildConfigurationList = D38AE0DC2BB464CC004AC86B /* Build configuration list for PBXProject "Property Wrappers" */;
			compatibilityVersion = "Xcode 13.0";
			developmentRegion = en;
			hasScannedForEncodings = 0;
			knownRegions = (
				en,
				Base,
			);
			mainGroup = D38AE0D82BB464CC004AC86B;
			productRefGroup = D38AE0E22BB464CD004AC86B /* Products */;
			projectDirPath = "";
			projectRoot = "";
			targets = (
				D38AE0E02BB464CD004AC86B /* Property Wrappers */,
				D38AE0F02BB464DF004AC86B /* Property WrappersTests */,
				D38AE0FA2BB464DF004AC86B /* Property WrappersUITests */,
			);
		};
/* End PBXProject section */

/* Begin PBXResourcesBuildPhase section */
		D38AE0DF2BB464CD004AC86B /* Resources */ = {
			isa = PBXResourcesBuildPhase;
			buildActionMask = 2147483647;
			files = (
				D38AE0EC2BB464DE004AC86B /* Preview Assets.xcassets in Resources */,
				D38AE0E92BB464DE004AC86B /* Assets.xcassets in Resources */,
			);
			runOnlyForDeploymentPostprocessing = 0;
		};
		D38AE0EF2BB464DF004AC86B /* Resources */ = {
			isa = PBXResourcesBuildPhase;
			buildActionMask = 2147483647;
			files = (
			);
			runOnlyForDeploymentPostprocessing = 0;
		};
		D38AE0F92BB464DF004AC86B /* Resources */ = {
			isa = PBXResourcesBuildPhase;
			buildActionMask = 2147483647;
			files = (
			);
			runOnlyForDeploymentPostprocessing = 0;
		};
/* End PBXResourcesBuildPhase section */

/* Begin PBXSourcesBuildPhase section */
		D38AE0DD2BB464CD004AC86B /* Sources */ = {
			isa = PBXSourcesBuildPhase;
			buildActionMask = 2147483647;
			files = (
				D38AE0E72BB464CD004AC86B /* ContentView.swift in Sources */,
				D38AE0E52BB464CD004AC86B /* Property_WrappersApp.swift in Sources */,
			);
			runOnlyForDeploymentPostprocessing = 0;
		};
		D38AE0ED2BB464DF004AC86B /* Sources */ = {
			isa = PBXSourcesBuildPhase;
			buildActionMask = 2147483647;
			files = (
				D38AE0F62BB464DF004AC86B /* Property_WrappersTests.swift in Sources */,
			);
			runOnlyForDeploymentPostprocessing = 0;
		};
		D38AE0F72BB464DF004AC86B /* Sources */ = {
			isa = PBXSourcesBuildPhase;
			buildActionMask = 2147483647;
			files = (
				D38AE1002BB464DF004AC86B /* Property_WrappersUITests.swift in Sources */,
				D38AE1022BB464DF004AC86B /* Property_WrappersUITestsLaunchTests.swift in Sources */,
			);
			runOnlyForDeploymentPostprocessing = 0;
		};
/* End PBXSourcesBuildPhase section */

/* Begin PBXTargetDependency section */
		D38AE0F32BB464DF004AC86B /* PBXTargetDependency */ = {
			isa = PBXTargetDependency;
			target = D38AE0E02BB464CD004AC86B /* Property Wrappers */;
			targetProxy = D38AE0F22BB464DF004AC86B /* PBXContainerItemProxy */;
		};
		D38AE0FD2BB464DF004AC86B /* PBXTargetDependency */ = {
			isa = PBXTargetDependency;
			target = D38AE0E02BB464CD004AC86B /* Property Wrappers */;
			targetProxy = D38AE0FC2BB464DF004AC86B /* PBXContainerItemProxy */;
		};
/* End PBXTargetDependency section */

/* Begin XCBuildConfiguration section */
		D38AE1032BB464DF004AC86B /* Debug */ = {
			isa = XCBuildConfiguration;
			buildSettings = {
				ALWAYS_SEARCH_USER_PATHS = NO;
				CLANG_ANALYZER_NONNULL = YES;
				CLANG_ANALYZER_NUMBER_OBJECT_CONVERSION = YES_AGGRESSIVE;
				CLANG_CXX_LANGUAGE_STANDARD = "gnu++17";
				CLANG_ENABLE_MODULES = YES;
				CLANG_ENABLE_OBJC_ARC = YES;
				CLANG_ENABLE_OBJC_WEAK = YES;
				CLANG_WARN_BLOCK_CAPTURE_AUTORELEASING = YES;
				CLANG_WARN_BOOL_CONVERSION = YES;
				CLANG_WARN_COMMA = YES;
				CLANG_WARN_CONSTANT_CONVERSION = YES;
				CLANG_WARN_DEPRECATED_OBJC_IMPLEMENTATIONS = YES;
				CLANG_WARN_DIRECT_OBJC_ISA_USAGE = YES_ERROR;
				CLANG_WARN_DOCUMENTATION_COMMENTS = YES;
				CLANG_WARN_EMPTY_BODY = YES;
				CLANG_WARN_ENUM_CONVERSION = YES;
				CLANG_WARN_INFINITE_RECURSION = YES;
				CLANG_WARN_INT_CONVERSION = YES;
				CLANG_WARN_NON_LITERAL_NULL_CONVERSION = YES;
				CLANG_WARN_OBJC_IMPLICIT_RETAIN_SELF = YES;
				CLANG_WARN_OBJC_LITERAL_CONVERSION = YES;
				CLANG_WARN_OBJC_ROOT_CLASS = YES_ERROR;
				CLANG_WARN_QUOTED_INCLUDE_IN_FRAMEWORK_HEADER = YES;
				CLANG_WARN_RANGE_LOOP_ANALYSIS = YES;
				CLANG_WARN_STRICT_PROTOTYPES = YES;
				CLANG_WARN_SUSPICIOUS_MOVE = YES;
				CLANG_WARN_UNGUARDED_AVAILABILITY = YES_AGGRESSIVE;
				CLANG_WARN_UNREACHABLE_CODE = YES;
				CLANG_WARN__DUPLICATE_METHOD_MATCH = YES;
				COPY_PHASE_STRIP = NO;
				DEBUG_INFORMATION_FORMAT = dwarf;
				ENABLE_STRICT_OBJC_MSGSEND = YES;
				ENABLE_TESTABILITY = YES;
				GCC_C_LANGUAGE_STANDARD = gnu11;
				GCC_DYNAMIC_NO_PIC = NO;
				GCC_NO_COMMON_BLOCKS = YES;
				GCC_OPTIMIZATION_LEVEL = 0;
				GCC_PREPROCESSOR_DEFINITIONS = (
					"DEBUG=1",
					"$(inherited)",
				);
				GCC_WARN_64_TO_32_BIT_CONVERSION = YES;
				GCC_WARN_ABOUT_RETURN_TYPE = YES_ERROR;
				GCC_WARN_UNDECLARED_SELECTOR = YES;
				GCC_WARN_UNINITIALIZED_AUTOS = YES_AGGRESSIVE;
				GCC_WARN_UNUSED_FUNCTION = YES;
				GCC_WARN_UNUSED_VARIABLE = YES;
				IPHONEOS_DEPLOYMENT_TARGET = 15.5;
				MTL_ENABLE_DEBUG_INFO = INCLUDE_SOURCE;
				MTL_FAST_MATH = YES;
				ONLY_ACTIVE_ARCH = YES;
				SDKROOT = iphoneos;
				SWIFT_ACTIVE_COMPILATION_CONDITIONS = DEBUG;
				SWIFT_OPTIMIZATION_LEVEL = "-Onone";
			};
			name = Debug;
		};
		D38AE1042BB464DF004AC86B /* Release */ = {
			isa = XCBuildConfiguration;
			buildSettings = {
				ALWAYS_SEARCH_USER_PATHS = NO;
				CLANG_ANALYZER_NONNULL = YES;
				CLANG_ANALYZER_NUMBER_OBJECT_CONVERSION = YES_AGGRESSIVE;
				CLANG_CXX_LANGUAGE_STANDARD = "gnu++17";
				CLANG_ENABLE_MODULES = YES;
				CLANG_ENABLE_OBJC_ARC = YES;
				CLANG_ENABLE_OBJC_WEAK = YES;
				CLANG_WARN_BLOCK_CAPTURE_AUTORELEASING = YES;
				CLANG_WARN_BOOL_CONVERSION = YES;
				CLANG_WARN_COMMA = YES;
				CLANG_WARN_CONSTANT_CONVERSION = YES;
				CLANG_WARN_DEPRECATED_OBJC_IMPLEMENTATIONS = YES;
				CLANG_WARN_DIRECT_OBJC_ISA_USAGE = YES_ERROR;
				CLANG_WARN_DOCUMENTATION_COMMENTS = YES;
				CLANG_WARN_EMPTY_BODY = YES;
				CLANG_WARN_ENUM_CONVERSION = YES;
				CLANG_WARN_INFINITE_RECURSION = YES;
				CLANG_WARN_INT_CONVERSION = YES;
				CLANG_WARN_NON_LITERAL_NULL_CONVERSION = YES;
				CLANG_WARN_OBJC_IMPLICIT_RETAIN_SELF = YES;
				CLANG_WARN_OBJC_LITERAL_CONVERSION = YES;
				CLANG_WARN_OBJC_ROOT_CLASS = YES_ERROR;
				CLANG_WARN_QUOTED_INCLUDE_IN_FRAMEWORK_HEADER = YES;
				CLANG_WARN_RANGE_LOOP_ANALYSIS = YES;
				CLANG_WARN_STRICT_PROTOTYPES = YES;
				CLANG_WARN_SUSPICIOUS_MOVE = YES;
				CLANG_WARN_UNGUARDED_AVAILABILITY = YES_AGGRESSIVE;
				CLANG_WARN_UNREACHABLE_CODE = YES;
				CLANG_WARN__DUPLICATE_METHOD_MATCH = YES;
				COPY_PHASE_STRIP = NO;
				DEBUG_INFORMATION_FORMAT = "dwarf-with-dsym";
				ENABLE_NS_ASSERTIONS = NO;
				ENABLE_STRICT_OBJC_MSGSEND = YES;
				GCC_C_LANGUAGE_STANDARD = gnu11;
				GCC_NO_COMMON_BLOCKS = YES;
				GCC_WARN_64_TO_32_BIT_CONVERSION = YES;
				GCC_WARN_ABOUT_RETURN_TYPE = YES_ERROR;
				GCC_WARN_UNDECLARED_SELECTOR = YES;
				GCC_WARN_UNINITIALIZED_AUTOS = YES_AGGRESSIVE;
				GCC_WARN_UNUSED_FUNCTION = YES;
				GCC_WARN_UNUSED_VARIABLE = YES;
				IPHONEOS_DEPLOYMENT_TARGET = 15.5;
				MTL_ENABLE_DEBUG_INFO = NO;
				MTL_FAST_MATH = YES;
				SDKROOT = iphoneos;
				SWIFT_COMPILATION_MODE = wholemodule;
				SWIFT_OPTIMIZATION_LEVEL = "-O";
				VALIDATE_PRODUCT = YES;
			};
			name = Release;
		};
		D38AE1062BB464DF004AC86B /* Debug */ = {
			isa = XCBuildConfiguration;
			buildSettings = {
				ASSETCATALOG_COMPILER_APPICON_NAME = AppIcon;
				ASSETCATALOG_COMPILER_GLOBAL_ACCENT_COLOR_NAME = AccentColor;
				CODE_SIGN_STYLE = Automatic;
				CURRENT_PROJECT_VERSION = 1;
				DEVELOPMENT_ASSET_PATHS = "\"Property Wrappers/Preview Content\"";
				DEVELOPMENT_TEAM = 4XY3UWP6VF;
				ENABLE_PREVIEWS = YES;
				GENERATE_INFOPLIST_FILE = YES;
				INFOPLIST_KEY_UIApplicationSceneManifest_Generation = YES;
				INFOPLIST_KEY_UIApplicationSupportsIndirectInputEvents = YES;
				INFOPLIST_KEY_UILaunchScreen_Generation = YES;
				INFOPLIST_KEY_UISupportedInterfaceOrientations_iPad = "UIInterfaceOrientationPortrait UIInterfaceOrientationPortraitUpsideDown UIInterfaceOrientationLandscapeLeft UIInterfaceOrientationLandscapeRight";
				INFOPLIST_KEY_UISupportedInterfaceOrientations_iPhone = "UIInterfaceOrientationPortrait UIInterfaceOrientationLandscapeLeft UIInterfaceOrientationLandscapeRight";
				LD_RUNPATH_SEARCH_PATHS = (
					"$(inherited)",
					"@executable_path/Frameworks",
				);
				MARKETING_VERSION = 1.0;
				PRODUCT_BUNDLE_IDENTIFIER = "alberto.Property-Wrappers";
				PRODUCT_NAME = "$(TARGET_NAME)";
				SWIFT_EMIT_LOC_STRINGS = YES;
				SWIFT_VERSION = 5.0;
				TARGETED_DEVICE_FAMILY = "1,2";
			};
			name = Debug;
		};
		D38AE1072BB464DF004AC86B /* Release */ = {
			isa = XCBuildConfiguration;
			buildSettings = {
				ASSETCATALOG_COMPILER_APPICON_NAME = AppIcon;
				ASSETCATALOG_COMPILER_GLOBAL_ACCENT_COLOR_NAME = AccentColor;
				CODE_SIGN_STYLE = Automatic;
				CURRENT_PROJECT_VERSION = 1;
				DEVELOPMENT_ASSET_PATHS = "\"Property Wrappers/Preview Content\"";
				DEVELOPMENT_TEAM = 4XY3UWP6VF;
				ENABLE_PREVIEWS = YES;
				GENERATE_INFOPLIST_FILE = YES;
				INFOPLIST_KEY_UIApplicationSceneManifest_Generation = YES;
				INFOPLIST_KEY_UIApplicationSupportsIndirectInputEvents = YES;
				INFOPLIST_KEY_UILaunchScreen_Generation = YES;
				INFOPLIST_KEY_UISupportedInterfaceOrientations_iPad = "UIInterfaceOrientationPortrait UIInterfaceOrientationPortraitUpsideDown UIInterfaceOrientationLandscapeLeft UIInterfaceOrientationLandscapeRight";
				INFOPLIST_KEY_UISupportedInterfaceOrientations_iPhone = "UIInterfaceOrientationPortrait UIInterfaceOrientationLandscapeLeft UIInterfaceOrientationLandscapeRight";
				LD_RUNPATH_SEARCH_PATHS = (
					"$(inherited)",
					"@executable_path/Frameworks",
				);
				MARKETING_VERSION = 1.0;
				PRODUCT_BUNDLE_IDENTIFIER = "alberto.Property-Wrappers";
				PRODUCT_NAME = "$(TARGET_NAME)";
				SWIFT_EMIT_LOC_STRINGS = YES;
				SWIFT_VERSION = 5.0;
				TARGETED_DEVICE_FAMILY = "1,2";
			};
			name = Release;
		};
		D38AE1092BB464DF004AC86B /* Debug */ = {
			isa = XCBuildConfiguration;
			buildSettings = {
				ALWAYS_EMBED_SWIFT_STANDARD_LIBRARIES = YES;
				BUNDLE_LOADER = "$(TEST_HOST)";
				CODE_SIGN_STYLE = Automatic;
				CURRENT_PROJECT_VERSION = 1;
				DEVELOPMENT_TEAM = 4XY3UWP6VF;
				GENERATE_INFOPLIST_FILE = YES;
				IPHONEOS_DEPLOYMENT_TARGET = 15.5;
				MARKETING_VERSION = 1.0;
				PRODUCT_BUNDLE_IDENTIFIER = "alberto.Property-WrappersTests";
				PRODUCT_NAME = "$(TARGET_NAME)";
				SWIFT_EMIT_LOC_STRINGS = NO;
				SWIFT_VERSION = 5.0;
				TARGETED_DEVICE_FAMILY = "1,2";
				TEST_HOST = "$(BUILT_PRODUCTS_DIR)/Property Wrappers.app/Property Wrappers";
			};
			name = Debug;
		};
		D38AE10A2BB464DF004AC86B /* Release */ = {
			isa = XCBuildConfiguration;
			buildSettings = {
				ALWAYS_EMBED_SWIFT_STANDARD_LIBRARIES = YES;
				BUNDLE_LOADER = "$(TEST_HOST)";
				CODE_SIGN_STYLE = Automatic;
				CURRENT_PROJECT_VERSION = 1;
				DEVELOPMENT_TEAM = 4XY3UWP6VF;
				GENERATE_INFOPLIST_FILE = YES;
				IPHONEOS_DEPLOYMENT_TARGET = 15.5;
				MARKETING_VERSION = 1.0;
				PRODUCT_BUNDLE_IDENTIFIER = "alberto.Property-WrappersTests";
				PRODUCT_NAME = "$(TARGET_NAME)";
				SWIFT_EMIT_LOC_STRINGS = NO;
				SWIFT_VERSION = 5.0;
				TARGETED_DEVICE_FAMILY = "1,2";
				TEST_HOST = "$(BUILT_PRODUCTS_DIR)/Property Wrappers.app/Property Wrappers";
			};
			name = Release;
		};
		D38AE10C2BB464DF004AC86B /* Debug */ = {
			isa = XCBuildConfiguration;
			buildSettings = {
				ALWAYS_EMBED_SWIFT_STANDARD_LIBRARIES = YES;
				CODE_SIGN_STYLE = Automatic;
				CURRENT_PROJECT_VERSION = 1;
				DEVELOPMENT_TEAM = 4XY3UWP6VF;
				GENERATE_INFOPLIST_FILE = YES;
				MARKETING_VERSION = 1.0;
				PRODUCT_BUNDLE_IDENTIFIER = "alberto.Property-WrappersUITests";
				PRODUCT_NAME = "$(TARGET_NAME)";
				SWIFT_EMIT_LOC_STRINGS = NO;
				SWIFT_VERSION = 5.0;
				TARGETED_DEVICE_FAMILY = "1,2";
				TEST_TARGET_NAME = "Property Wrappers";
			};
			name = Debug;
		};
		D38AE10D2BB464DF004AC86B /* Release */ = {
			isa = XCBuildConfiguration;
			buildSettings = {
				ALWAYS_EMBED_SWIFT_STANDARD_LIBRARIES = YES;
				CODE_SIGN_STYLE = Automatic;
				CURRENT_PROJECT_VERSION = 1;
				DEVELOPMENT_TEAM = 4XY3UWP6VF;
				GENERATE_INFOPLIST_FILE = YES;
				MARKETING_VERSION = 1.0;
				PRODUCT_BUNDLE_IDENTIFIER = "alberto.Property-WrappersUITests";
				PRODUCT_NAME = "$(TARGET_NAME)";
				SWIFT_EMIT_LOC_STRINGS = NO;
				SWIFT_VERSION = 5.0;
				TARGETED_DEVICE_FAMILY = "1,2";
				TEST_TARGET_NAME = "Property Wrappers";
			};
			name = Release;
		};
/* End XCBuildConfiguration section */

/* Begin XCConfigurationList section */
		D38AE0DC2BB464CC004AC86B /* Build configuration list for PBXProject "Property Wrappers" */ = {
			isa = XCConfigurationList;
			buildConfigurations = (
				D38AE1032BB464DF004AC86B /* Debug */,
				D38AE1042BB464DF004AC86B /* Release */,
			);
			defaultConfigurationIsVisible = 0;
			defaultConfigurationName = Release;
		};
		D38AE1052BB464DF004AC86B /* Build configuration list for PBXNativeTarget "Property Wrappers" */ = {
			isa = XCConfigurationList;
			buildConfigurations = (
				D38AE1062BB464DF004AC86B /* Debug */,
				D38AE1072BB464DF004AC86B /* Release */,
			);
			defaultConfigurationIsVisible = 0;
			defaultConfigurationName = Release;
		};
		D38AE1082BB464DF004AC86B /* Build configuration list for PBXNativeTarget "Property WrappersTests" */ = {
			isa = XCConfigurationList;
			buildConfigurations = (
				D38AE1092BB464DF004AC86B /* Debug */,
				D38AE10A2BB464DF004AC86B /* Release */,
			);
			defaultConfigurationIsVisible = 0;
			defaultConfigurationName = Release;
		};
		D38AE10B2BB464DF004AC86B /* Build configuration list for PBXNativeTarget "Property WrappersUITests" */ = {
			isa = XCConfigurationList;
			buildConfigurations = (
				D38AE10C2BB464DF004AC86B /* Debug */,
				D38AE10D2BB464DF004AC86B /* Release */,
			);
			defaultConfigurationIsVisible = 0;
			defaultConfigurationName = Release;
		};
/* End XCConfigurationList section */
	};
	rootObject = D38AE0D92BB464CC004AC86B /* Project object */;
}
